
Microsoft Visual Studio Solution File, Format Version 12.00
# Visual Studio Version 17
VisualStudioVersion = 17.10.35122.118
MinimumVisualStudioVersion = 10.0.40219.1
Project("{00D1A9C2-B5F0-4AF3-8072-F6C62B433612}") = "ResumeDB", "ResumeDB\ResumeDB.sqlproj", "{273AA95E-79E0-4609-AA9C-92220A076F86}"
EndProject
Project("{9A19103F-16F7-4668-BE54-9A1E7A4F7556}") = "ResumeLibrary", "ResumeLibrary\ResumeLibrary.csproj", "{2B8C8C66-A409-4044-B867-902643309985}"
EndProject
Project("{FAE04EC0-301F-11D3-BF4B-00C04F79EFBC}") = "ResumeAPI", "ResumeAPI\ResumeAPI.csproj", "{CFBC2F3E-ACC8-42C1-996C-F865DCF6D781}"
EndProject
Global
	GlobalSection(SolutionConfigurationPlatforms) = preSolution
		Debug|Any CPU = Debug|Any CPU
		Release|Any CPU = Release|Any CPU
	EndGlobalSection
	GlobalSection(ProjectConfigurationPlatforms) = postSolution
		{273AA95E-79E0-4609-AA9C-92220A076F86}.Debug|Any CPU.ActiveCfg = Debug|Any CPU
		{273AA95E-79E0-4609-AA9C-92220A076F86}.Debug|Any CPU.Build.0 = Debug|Any CPU
		{273AA95E-79E0-4609-AA9C-92220A076F86}.Debug|Any CPU.Deploy.0 = Debug|Any CPU
		{273AA95E-79E0-4609-AA9C-92220A076F86}.Release|Any CPU.ActiveCfg = Release|Any CPU
		{273AA95E-79E0-4609-AA9C-92220A076F86}.Release|Any CPU.Build.0 = Release|Any CPU
		{273AA95E-79E0-4609-AA9C-92220A076F86}.Release|Any CPU.Deploy.0 = Release|Any CPU
		{2B8C8C66-A409-4044-B867-902643309985}.Debug|Any CPU.ActiveCfg = Debug|Any CPU
		{2B8C8C66-A409-4044-B867-902643309985}.Debug|Any CPU.Build.0 = Debug|Any CPU
		{2B8C8C66-A409-4044-B867-902643309985}.Release|Any CPU.ActiveCfg = Release|Any CPU
		{2B8C8C66-A409-4044-B867-902643309985}.Release|Any CPU.Build.0 = Release|Any CPU
		{CFBC2F3E-ACC8-42C1-996C-F865DCF6D781}.Debug|Any CPU.ActiveCfg = Debug|Any CPU
		{CFBC2F3E-ACC8-42C1-996C-F865DCF6D781}.Debug|Any CPU.Build.0 = Debug|Any CPU
		{CFBC2F3E-ACC8-42C1-996C-F865DCF6D781}.Release|Any CPU.ActiveCfg = Release|Any CPU
		{CFBC2F3E-ACC8-42C1-996C-F865DCF6D781}.Release|Any CPU.Build.0 = Release|Any CPU
	EndGlobalSection
	GlobalSection(SolutionProperties) = preSolution
		HideSolutionNode = FALSE
	EndGlobalSection
	GlobalSection(ExtensibilityGlobals) = postSolution
		SolutionGuid = {0A9C8BBA-52B4-49A3-B1D9-1AC86DAD4A6F}
	EndGlobalSection
EndGlobal
